
Microsoft Visual Studio Solution File, Format Version 12.00
# Visual Studio Version 16
VisualStudioVersion = 16.0.32002.261
MinimumVisualStudioVersion = 10.0.40219.1
Project("{9A19103F-16F7-4668-BE54-9A1E7A4F7556}") = "SampleSourceKT", "SampleSourceKT\SampleSourceKT.csproj", "{B50CE13D-9978-461E-874B-546A5B1A865C}"
EndProject
Project("{9A19103F-16F7-4668-BE54-9A1E7A4F7556}") = "SampleSourceKT.Data", "SampleSourceKT.Data\SampleSourceKT.Data.csproj", "{286FAD24-57B5-453C-907E-0CE1342D4FF8}"
EndProject
Project("{9A19103F-16F7-4668-BE54-9A1E7A4F7556}") = "SampleSourceKT.Application", "SampleSourceKT.Application\SampleSourceKT.Application.csproj", "{FA7B1C72-5C93-4F49-85D3-75B22A4DF342}"
EndProject
Project("{FAE04EC0-301F-11D3-BF4B-00C04F79EFBC}") = "SampleSourceKT.Utiilities", "SampleSourceKT.Utiilities\SampleSourceKT.Utiilities.csproj", "{BEB5CBBB-24BC-4832-8C04-3FE5C4335547}"
EndProject
Project("{FAE04EC0-301F-11D3-BF4B-00C04F79EFBC}") = "SampleSourceKT.Api", "SampleSourceKT.Api\SampleSourceKT.Api.csproj", "{8855F388-AC6E-4C10-B0D7-83A1AC0A2B37}"
EndProject
Global
	GlobalSection(SolutionConfigurationPlatforms) = preSolution
		Debug|Any CPU = Debug|Any CPU
		Release|Any CPU = Release|Any CPU
	EndGlobalSection
	GlobalSection(ProjectConfigurationPlatforms) = postSolution
		{B50CE13D-9978-461E-874B-546A5B1A865C}.Debug|Any CPU.ActiveCfg = Debug|Any CPU
		{B50CE13D-9978-461E-874B-546A5B1A865C}.Debug|Any CPU.Build.0 = Debug|Any CPU
		{B50CE13D-9978-461E-874B-546A5B1A865C}.Release|Any CPU.ActiveCfg = Release|Any CPU
		{B50CE13D-9978-461E-874B-546A5B1A865C}.Release|Any CPU.Build.0 = Release|Any CPU
		{286FAD24-57B5-453C-907E-0CE1342D4FF8}.Debug|Any CPU.ActiveCfg = Debug|Any CPU
		{286FAD24-57B5-453C-907E-0CE1342D4FF8}.Debug|Any CPU.Build.0 = Debug|Any CPU
		{286FAD24-57B5-453C-907E-0CE1342D4FF8}.Release|Any CPU.ActiveCfg = Release|Any CPU
		{286FAD24-57B5-453C-907E-0CE1342D4FF8}.Release|Any CPU.Build.0 = Release|Any CPU
		{FA7B1C72-5C93-4F49-85D3-75B22A4DF342}.Debug|Any CPU.ActiveCfg = Debug|Any CPU
		{FA7B1C72-5C93-4F49-85D3-75B22A4DF342}.Debug|Any CPU.Build.0 = Debug|Any CPU
		{FA7B1C72-5C93-4F49-85D3-75B22A4DF342}.Release|Any CPU.ActiveCfg = Release|Any CPU
		{FA7B1C72-5C93-4F49-85D3-75B22A4DF342}.Release|Any CPU.Build.0 = Release|Any CPU
		{BEB5CBBB-24BC-4832-8C04-3FE5C4335547}.Debug|Any CPU.ActiveCfg = Debug|Any CPU
		{BEB5CBBB-24BC-4832-8C04-3FE5C4335547}.Debug|Any CPU.Build.0 = Debug|Any CPU
		{BEB5CBBB-24BC-4832-8C04-3FE5C4335547}.Release|Any CPU.ActiveCfg = Release|Any CPU
		{BEB5CBBB-24BC-4832-8C04-3FE5C4335547}.Release|Any CPU.Build.0 = Release|Any CPU
		{8855F388-AC6E-4C10-B0D7-83A1AC0A2B37}.Debug|Any CPU.ActiveCfg = Debug|Any CPU
		{8855F388-AC6E-4C10-B0D7-83A1AC0A2B37}.Debug|Any CPU.Build.0 = Debug|Any CPU
		{8855F388-AC6E-4C10-B0D7-83A1AC0A2B37}.Release|Any CPU.ActiveCfg = Release|Any CPU
		{8855F388-AC6E-4C10-B0D7-83A1AC0A2B37}.Release|Any CPU.Build.0 = Release|Any CPU
	EndGlobalSection
	GlobalSection(SolutionProperties) = preSolution
		HideSolutionNode = FALSE
	EndGlobalSection
	GlobalSection(ExtensibilityGlobals) = postSolution
		SolutionGuid = {4671216F-8B78-47BD-A287-DA01D4492FA3}
	EndGlobalSection
EndGlobal
